
Microsoft Visual Studio Solution File, Format Version 12.00
# Visual Studio Version 17
VisualStudioVersion = 17.4.33213.308
MinimumVisualStudioVersion = 10.0.40219.1
Project("{FAE04EC0-301F-11D3-BF4B-00C04F79EFBC}") = "taskalgrtm", "taskalgrtm\taskalgrtm.csproj", "{0CDAB27D-80F7-40CA-BA54-8F1D97E8A47D}"
EndProject
Global
	GlobalSection(SolutionConfigurationPlatforms) = preSolution
		Debug|Any CPU = Debug|Any CPU
		Release|Any CPU = Release|Any CPU
	EndGlobalSection
	GlobalSection(ProjectConfigurationPlatforms) = postSolution
		{0CDAB27D-80F7-40CA-BA54-8F1D97E8A47D}.Debug|Any CPU.ActiveCfg = Debug|Any CPU
		{0CDAB27D-80F7-40CA-BA54-8F1D97E8A47D}.Debug|Any CPU.Build.0 = Debug|Any CPU
		{0CDAB27D-80F7-40CA-BA54-8F1D97E8A47D}.Release|Any CPU.ActiveCfg = Release|Any CPU
		{0CDAB27D-80F7-40CA-BA54-8F1D97E8A47D}.Release|Any CPU.Build.0 = Release|Any CPU
	EndGlobalSection
	GlobalSection(SolutionProperties) = preSolution
		HideSolutionNode = FALSE
	EndGlobalSection
	GlobalSection(ExtensibilityGlobals) = postSolution
		SolutionGuid = {9D50329E-046F-4645-9014-C6250AE0C845}
	EndGlobalSection
EndGlobal
